// !$*UTF8*$!
{
	archiveVersion = 1;
	classes = {
	};
	objectVersion = 46;
	objects = {

/* Begin PBXBuildFile section */
		52C3F10D1E61E8CF00378C87 /* AppDelegate.swift in Sources */ = {isa = PBXBuildFile; fileRef = 52C3F10C1E61E8CF00378C87 /* AppDelegate.swift */; };
		52C3F10F1E61E8CF00378C87 /* SignInVC.swift in Sources */ = {isa = PBXBuildFile; fileRef = 52C3F10E1E61E8CF00378C87 /* SignInVC.swift */; };
		52C3F1121E61E8CF00378C87 /* Main.storyboard in Resources */ = {isa = PBXBuildFile; fileRef = 52C3F1101E61E8CF00378C87 /* Main.storyboard */; };
		52C3F1141E61E8CF00378C87 /* Assets.xcassets in Resources */ = {isa = PBXBuildFile; fileRef = 52C3F1131E61E8CF00378C87 /* Assets.xcassets */; };
		52C3F1171E61E8CF00378C87 /* LaunchScreen.storyboard in Resources */ = {isa = PBXBuildFile; fileRef = 52C3F1151E61E8CF00378C87 /* LaunchScreen.storyboard */; };
		52C3F1221E61E8CF00378C87 /* EJW_SocialTests.swift in Sources */ = {isa = PBXBuildFile; fileRef = 52C3F1211E61E8CF00378C87 /* EJW_SocialTests.swift */; };
		52C3F12D1E61E8CF00378C87 /* EJW_SocialUITests.swift in Sources */ = {isa = PBXBuildFile; fileRef = 52C3F12C1E61E8CF00378C87 /* EJW_SocialUITests.swift */; };
		52C3F13B1E61E94D00378C87 /* GoogleService-Info.plist in Resources */ = {isa = PBXBuildFile; fileRef = 52C3F13A1E61E94D00378C87 /* GoogleService-Info.plist */; };
		52C3F1401E6317FF00378C87 /* FancyView.swift in Sources */ = {isa = PBXBuildFile; fileRef = 52C3F13F1E6317FF00378C87 /* FancyView.swift */; };
		52C3F1441E6318A700378C87 /* Constants.swift in Sources */ = {isa = PBXBuildFile; fileRef = 52C3F1431E6318A700378C87 /* Constants.swift */; };
		52C3F1461E631A9100378C87 /* RoundButton.swift in Sources */ = {isa = PBXBuildFile; fileRef = 52C3F1451E631A9100378C87 /* RoundButton.swift */; };
		52C3F1481E631D0600378C87 /* FancyField.swift in Sources */ = {isa = PBXBuildFile; fileRef = 52C3F1471E631D0600378C87 /* FancyField.swift */; };
		52C3F14A1E631E3600378C87 /* FancyButton.swift in Sources */ = {isa = PBXBuildFile; fileRef = 52C3F1491E631E3600378C87 /* FancyButton.swift */; };
		77E27921C41136E3F0F2F685 /* Pods_EJW_SocialUITests.framework in Frameworks */ = {isa = PBXBuildFile; fileRef = F267B41B15F995E8DC6AE40C /* Pods_EJW_SocialUITests.framework */; };
		DAA25C6897F0E7CE3524320C /* Pods_EJW_SocialTests.framework in Frameworks */ = {isa = PBXBuildFile; fileRef = F691DD5EA3E935389D6DAC10 /* Pods_EJW_SocialTests.framework */; };
		FEA8EF51B4DF0C6FA6BF2695 /* Pods_EJW_Social.framework in Frameworks */ = {isa = PBXBuildFile; fileRef = 1F55744EC21C2072E010C127 /* Pods_EJW_Social.framework */; };
/* End PBXBuildFile section */

/* Begin PBXContainerItemProxy section */
		52C3F11E1E61E8CF00378C87 /* PBXContainerItemProxy */ = {
			isa = PBXContainerItemProxy;
			containerPortal = 52C3F1011E61E8CF00378C87 /* Project object */;
			proxyType = 1;
			remoteGlobalIDString = 52C3F1081E61E8CF00378C87;
			remoteInfo = "EJW-Social";
		};
		52C3F1291E61E8CF00378C87 /* PBXContainerItemProxy */ = {
			isa = PBXContainerItemProxy;
			containerPortal = 52C3F1011E61E8CF00378C87 /* Project object */;
			proxyType = 1;
			remoteGlobalIDString = 52C3F1081E61E8CF00378C87;
			remoteInfo = "EJW-Social";
		};
/* End PBXContainerItemProxy section */

/* Begin PBXFileReference section */
		1F55744EC21C2072E010C127 /* Pods_EJW_Social.framework */ = {isa = PBXFileReference; explicitFileType = wrapper.framework; includeInIndex = 0; path = Pods_EJW_Social.framework; sourceTree = BUILT_PRODUCTS_DIR; };
		23B35116FAD6FB4DA6642710 /* Pods-EJW-SocialTests.release.xcconfig */ = {isa = PBXFileReference; includeInIndex = 1; lastKnownFileType = text.xcconfig; name = "Pods-EJW-SocialTests.release.xcconfig"; path = "Pods/Target Support Files/Pods-EJW-SocialTests/Pods-EJW-SocialTests.release.xcconfig"; sourceTree = "<group>"; };
		52C3F1091E61E8CF00378C87 /* EJW-Social.app */ = {isa = PBXFileReference; explicitFileType = wrapper.application; includeInIndex = 0; path = "EJW-Social.app"; sourceTree = BUILT_PRODUCTS_DIR; };
		52C3F10C1E61E8CF00378C87 /* AppDelegate.swift */ = {isa = PBXFileReference; lastKnownFileType = sourcecode.swift; path = AppDelegate.swift; sourceTree = "<group>"; };
		52C3F10E1E61E8CF00378C87 /* SignInVC.swift */ = {isa = PBXFileReference; lastKnownFileType = sourcecode.swift; path = SignInVC.swift; sourceTree = "<group>"; };
		52C3F1111E61E8CF00378C87 /* Base */ = {isa = PBXFileReference; lastKnownFileType = file.storyboard; name = Base; path = Base.lproj/Main.storyboard; sourceTree = "<group>"; };
		52C3F1131E61E8CF00378C87 /* Assets.xcassets */ = {isa = PBXFileReference; lastKnownFileType = folder.assetcatalog; path = Assets.xcassets; sourceTree = "<group>"; };
		52C3F1161E61E8CF00378C87 /* Base */ = {isa = PBXFileReference; lastKnownFileType = file.storyboard; name = Base; path = Base.lproj/LaunchScreen.storyboard; sourceTree = "<group>"; };
		52C3F1181E61E8CF00378C87 /* Info.plist */ = {isa = PBXFileReference; lastKnownFileType = text.plist.xml; path = Info.plist; sourceTree = "<group>"; };
		52C3F11D1E61E8CF00378C87 /* EJW-SocialTests.xctest */ = {isa = PBXFileReference; explicitFileType = wrapper.cfbundle; includeInIndex = 0; path = "EJW-SocialTests.xctest"; sourceTree = BUILT_PRODUCTS_DIR; };
		52C3F1211E61E8CF00378C87 /* EJW_SocialTests.swift */ = {isa = PBXFileReference; lastKnownFileType = sourcecode.swift; path = EJW_SocialTests.swift; sourceTree = "<group>"; };
		52C3F1231E61E8CF00378C87 /* Info.plist */ = {isa = PBXFileReference; lastKnownFileType = text.plist.xml; path = Info.plist; sourceTree = "<group>"; };
		52C3F1281E61E8CF00378C87 /* EJW-SocialUITests.xctest */ = {isa = PBXFileReference; explicitFileType = wrapper.cfbundle; includeInIndex = 0; path = "EJW-SocialUITests.xctest"; sourceTree = BUILT_PRODUCTS_DIR; };
		52C3F12C1E61E8CF00378C87 /* EJW_SocialUITests.swift */ = {isa = PBXFileReference; lastKnownFileType = sourcecode.swift; path = EJW_SocialUITests.swift; sourceTree = "<group>"; };
		52C3F12E1E61E8CF00378C87 /* Info.plist */ = {isa = PBXFileReference; lastKnownFileType = text.plist.xml; path = Info.plist; sourceTree = "<group>"; };
		52C3F13A1E61E94D00378C87 /* GoogleService-Info.plist */ = {isa = PBXFileReference; fileEncoding = 4; lastKnownFileType = text.plist.xml; name = "GoogleService-Info.plist"; path = "../../../../Downloads/GoogleService-Info.plist"; sourceTree = "<group>"; };
		52C3F13F1E6317FF00378C87 /* FancyView.swift */ = {isa = PBXFileReference; fileEncoding = 4; lastKnownFileType = sourcecode.swift; path = FancyView.swift; sourceTree = "<group>"; };
		52C3F1431E6318A700378C87 /* Constants.swift */ = {isa = PBXFileReference; fileEncoding = 4; lastKnownFileType = sourcecode.swift; path = Constants.swift; sourceTree = "<group>"; };
		52C3F1451E631A9100378C87 /* RoundButton.swift */ = {isa = PBXFileReference; fileEncoding = 4; lastKnownFileType = sourcecode.swift; path = RoundButton.swift; sourceTree = "<group>"; };
		52C3F1471E631D0600378C87 /* FancyField.swift */ = {isa = PBXFileReference; fileEncoding = 4; lastKnownFileType = sourcecode.swift; path = FancyField.swift; sourceTree = "<group>"; };
		52C3F1491E631E3600378C87 /* FancyButton.swift */ = {isa = PBXFileReference; fileEncoding = 4; lastKnownFileType = sourcecode.swift; path = FancyButton.swift; sourceTree = "<group>"; };
		6ED2542729C2EF6410920BD4 /* Pods-EJW-SocialUITests.release.xcconfig */ = {isa = PBXFileReference; includeInIndex = 1; lastKnownFileType = text.xcconfig; name = "Pods-EJW-SocialUITests.release.xcconfig"; path = "Pods/Target Support Files/Pods-EJW-SocialUITests/Pods-EJW-SocialUITests.release.xcconfig"; sourceTree = "<group>"; };
		75648A15043E2BB9D6F7C2F1 /* Pods-EJW-Social.release.xcconfig */ = {isa = PBXFileReference; includeInIndex = 1; lastKnownFileType = text.xcconfig; name = "Pods-EJW-Social.release.xcconfig"; path = "Pods/Target Support Files/Pods-EJW-Social/Pods-EJW-Social.release.xcconfig"; sourceTree = "<group>"; };
		8A5384C61450FE48632017EA /* Pods-EJW-SocialTests.debug.xcconfig */ = {isa = PBXFileReference; includeInIndex = 1; lastKnownFileType = text.xcconfig; name = "Pods-EJW-SocialTests.debug.xcconfig"; path = "Pods/Target Support Files/Pods-EJW-SocialTests/Pods-EJW-SocialTests.debug.xcconfig"; sourceTree = "<group>"; };
		B333ADF07DEC104648B50F10 /* Pods-EJW-Social.debug.xcconfig */ = {isa = PBXFileReference; includeInIndex = 1; lastKnownFileType = text.xcconfig; name = "Pods-EJW-Social.debug.xcconfig"; path = "Pods/Target Support Files/Pods-EJW-Social/Pods-EJW-Social.debug.xcconfig"; sourceTree = "<group>"; };
		E05022B670BAEFC291A8CED8 /* Pods-EJW-SocialUITests.debug.xcconfig */ = {isa = PBXFileReference; includeInIndex = 1; lastKnownFileType = text.xcconfig; name = "Pods-EJW-SocialUITests.debug.xcconfig"; path = "Pods/Target Support Files/Pods-EJW-SocialUITests/Pods-EJW-SocialUITests.debug.xcconfig"; sourceTree = "<group>"; };
		F267B41B15F995E8DC6AE40C /* Pods_EJW_SocialUITests.framework */ = {isa = PBXFileReference; explicitFileType = wrapper.framework; includeInIndex = 0; path = Pods_EJW_SocialUITests.framework; sourceTree = BUILT_PRODUCTS_DIR; };
		F691DD5EA3E935389D6DAC10 /* Pods_EJW_SocialTests.framework */ = {isa = PBXFileReference; explicitFileType = wrapper.framework; includeInIndex = 0; path = Pods_EJW_SocialTests.framework; sourceTree = BUILT_PRODUCTS_DIR; };
/* End PBXFileReference section */

/* Begin PBXFrameworksBuildPhase section */
		52C3F1061E61E8CF00378C87 /* Frameworks */ = {
			isa = PBXFrameworksBuildPhase;
			buildActionMask = 2147483647;
			files = (
				FEA8EF51B4DF0C6FA6BF2695 /* Pods_EJW_Social.framework in Frameworks */,
			);
			runOnlyForDeploymentPostprocessing = 0;
		};
		52C3F11A1E61E8CF00378C87 /* Frameworks */ = {
			isa = PBXFrameworksBuildPhase;
			buildActionMask = 2147483647;
			files = (
				DAA25C6897F0E7CE3524320C /* Pods_EJW_SocialTests.framework in Frameworks */,
			);
			runOnlyForDeploymentPostprocessing = 0;
		};
		52C3F1251E61E8CF00378C87 /* Frameworks */ = {
			isa = PBXFrameworksBuildPhase;
			buildActionMask = 2147483647;
			files = (
				77E27921C41136E3F0F2F685 /* Pods_EJW_SocialUITests.framework in Frameworks */,
			);
			runOnlyForDeploymentPostprocessing = 0;
		};
/* End PBXFrameworksBuildPhase section */

/* Begin PBXGroup section */
		52C3F1001E61E8CF00378C87 = {
			isa = PBXGroup;
			children = (
				52C3F10B1E61E8CF00378C87 /* EJW-Social */,
				52C3F1201E61E8CF00378C87 /* EJW-SocialTests */,
				52C3F12B1E61E8CF00378C87 /* EJW-SocialUITests */,
				52C3F10A1E61E8CF00378C87 /* Products */,
				8603C90F40DCE3B8B95C6F69 /* Pods */,
				6F08EF6981CAA55D9FEDE488 /* Frameworks */,
			);
			sourceTree = "<group>";
		};
		52C3F10A1E61E8CF00378C87 /* Products */ = {
			isa = PBXGroup;
			children = (
				52C3F1091E61E8CF00378C87 /* EJW-Social.app */,
				52C3F11D1E61E8CF00378C87 /* EJW-SocialTests.xctest */,
				52C3F1281E61E8CF00378C87 /* EJW-SocialUITests.xctest */,
			);
			name = Products;
			sourceTree = "<group>";
		};
		52C3F10B1E61E8CF00378C87 /* EJW-Social */ = {
			isa = PBXGroup;
			children = (
				52C3F1421E63189200378C87 /* Util */,
				52C3F13E1E63068700378C87 /* Controller */,
				52C3F13D1E63068200378C87 /* View */,
				52C3F13C1E63067D00378C87 /* Model */,
				52C3F10C1E61E8CF00378C87 /* AppDelegate.swift */,
				52C3F1101E61E8CF00378C87 /* Main.storyboard */,
				52C3F1131E61E8CF00378C87 /* Assets.xcassets */,
				52C3F1151E61E8CF00378C87 /* LaunchScreen.storyboard */,
				52C3F1181E61E8CF00378C87 /* Info.plist */,
				52C3F13A1E61E94D00378C87 /* GoogleService-Info.plist */,
			);
			path = "EJW-Social";
			sourceTree = "<group>";
		};
		52C3F1201E61E8CF00378C87 /* EJW-SocialTests */ = {
			isa = PBXGroup;
			children = (
				52C3F1211E61E8CF00378C87 /* EJW_SocialTests.swift */,
				52C3F1231E61E8CF00378C87 /* Info.plist */,
			);
			path = "EJW-SocialTests";
			sourceTree = "<group>";
		};
		52C3F12B1E61E8CF00378C87 /* EJW-SocialUITests */ = {
			isa = PBXGroup;
			children = (
				52C3F12C1E61E8CF00378C87 /* EJW_SocialUITests.swift */,
				52C3F12E1E61E8CF00378C87 /* Info.plist */,
			);
			path = "EJW-SocialUITests";
			sourceTree = "<group>";
		};
		52C3F13C1E63067D00378C87 /* Model */ = {
			isa = PBXGroup;
			children = (
			);
			name = Model;
			sourceTree = "<group>";
		};
		52C3F13D1E63068200378C87 /* View */ = {
			isa = PBXGroup;
			children = (
				52C3F13F1E6317FF00378C87 /* FancyView.swift */,
				52C3F1451E631A9100378C87 /* RoundButton.swift */,
				52C3F1471E631D0600378C87 /* FancyField.swift */,
				52C3F1491E631E3600378C87 /* FancyButton.swift */,
			);
			name = View;
			sourceTree = "<group>";
		};
		52C3F13E1E63068700378C87 /* Controller */ = {
			isa = PBXGroup;
			children = (
				52C3F10E1E61E8CF00378C87 /* SignInVC.swift */,
			);
			name = Controller;
			sourceTree = "<group>";
		};
		52C3F1421E63189200378C87 /* Util */ = {
			isa = PBXGroup;
			children = (
				52C3F1431E6318A700378C87 /* Constants.swift */,
			);
			name = Util;
			sourceTree = "<group>";
		};
		6F08EF6981CAA55D9FEDE488 /* Frameworks */ = {
			isa = PBXGroup;
			children = (
				1F55744EC21C2072E010C127 /* Pods_EJW_Social.framework */,
				F691DD5EA3E935389D6DAC10 /* Pods_EJW_SocialTests.framework */,
				F267B41B15F995E8DC6AE40C /* Pods_EJW_SocialUITests.framework */,
			);
			name = Frameworks;
			sourceTree = "<group>";
		};
		8603C90F40DCE3B8B95C6F69 /* Pods */ = {
			isa = PBXGroup;
			children = (
				B333ADF07DEC104648B50F10 /* Pods-EJW-Social.debug.xcconfig */,
				75648A15043E2BB9D6F7C2F1 /* Pods-EJW-Social.release.xcconfig */,
				8A5384C61450FE48632017EA /* Pods-EJW-SocialTests.debug.xcconfig */,
				23B35116FAD6FB4DA6642710 /* Pods-EJW-SocialTests.release.xcconfig */,
				E05022B670BAEFC291A8CED8 /* Pods-EJW-SocialUITests.debug.xcconfig */,
				6ED2542729C2EF6410920BD4 /* Pods-EJW-SocialUITests.release.xcconfig */,
			);
			name = Pods;
			sourceTree = "<group>";
		};
/* End PBXGroup section */

/* Begin PBXNativeTarget section */
		52C3F1081E61E8CF00378C87 /* EJW-Social */ = {
			isa = PBXNativeTarget;
			buildConfigurationList = 52C3F1311E61E8CF00378C87 /* Build configuration list for PBXNativeTarget "EJW-Social" */;
			buildPhases = (
				65A493260522CD7CE68B2EE8 /* [CP] Check Pods Manifest.lock */,
				52C3F1051E61E8CF00378C87 /* Sources */,
				52C3F1061E61E8CF00378C87 /* Frameworks */,
				52C3F1071E61E8CF00378C87 /* Resources */,
				A1C4954197AF5D8679598B59 /* [CP] Embed Pods Frameworks */,
				C642F275B4C6A884FB048F6A /* [CP] Copy Pods Resources */,
			);
			buildRules = (
			);
			dependencies = (
			);
			name = "EJW-Social";
			productName = "EJW-Social";
			productReference = 52C3F1091E61E8CF00378C87 /* EJW-Social.app */;
			productType = "com.apple.product-type.application";
		};
		52C3F11C1E61E8CF00378C87 /* EJW-SocialTests */ = {
			isa = PBXNativeTarget;
			buildConfigurationList = 52C3F1341E61E8CF00378C87 /* Build configuration list for PBXNativeTarget "EJW-SocialTests" */;
			buildPhases = (
				75F167E5AFC984E48697571E /* [CP] Check Pods Manifest.lock */,
				52C3F1191E61E8CF00378C87 /* Sources */,
				52C3F11A1E61E8CF00378C87 /* Frameworks */,
				52C3F11B1E61E8CF00378C87 /* Resources */,
				0079486F7F0306A6B0C19DC6 /* [CP] Embed Pods Frameworks */,
				D847C3EBFC926D7291B432E2 /* [CP] Copy Pods Resources */,
			);
			buildRules = (
			);
			dependencies = (
				52C3F11F1E61E8CF00378C87 /* PBXTargetDependency */,
			);
			name = "EJW-SocialTests";
			productName = "EJW-SocialTests";
			productReference = 52C3F11D1E61E8CF00378C87 /* EJW-SocialTests.xctest */;
			productType = "com.apple.product-type.bundle.unit-test";
		};
		52C3F1271E61E8CF00378C87 /* EJW-SocialUITests */ = {
			isa = PBXNativeTarget;
			buildConfigurationList = 52C3F1371E61E8CF00378C87 /* Build configuration list for PBXNativeTarget "EJW-SocialUITests" */;
			buildPhases = (
				26E3A2394316569BC7E9B79C /* [CP] Check Pods Manifest.lock */,
				52C3F1241E61E8CF00378C87 /* Sources */,
				52C3F1251E61E8CF00378C87 /* Frameworks */,
				52C3F1261E61E8CF00378C87 /* Resources */,
				9F50917D8E493A5AF229CDC3 /* [CP] Embed Pods Frameworks */,
				BB85B19D6904DD784E6E5D22 /* [CP] Copy Pods Resources */,
			);
			buildRules = (
			);
			dependencies = (
				52C3F12A1E61E8CF00378C87 /* PBXTargetDependency */,
			);
			name = "EJW-SocialUITests";
			productName = "EJW-SocialUITests";
			productReference = 52C3F1281E61E8CF00378C87 /* EJW-SocialUITests.xctest */;
			productType = "com.apple.product-type.bundle.ui-testing";
		};
/* End PBXNativeTarget section */

/* Begin PBXProject section */
		52C3F1011E61E8CF00378C87 /* Project object */ = {
			isa = PBXProject;
			attributes = {
				LastSwiftUpdateCheck = 0820;
				LastUpgradeCheck = 0820;
				ORGANIZATIONNAME = "Eric Walters";
				TargetAttributes = {
					52C3F1081E61E8CF00378C87 = {
						CreatedOnToolsVersion = 8.2.1;
						DevelopmentTeam = 9RCEQ78UDF;
						ProvisioningStyle = Automatic;
					};
					52C3F11C1E61E8CF00378C87 = {
						CreatedOnToolsVersion = 8.2.1;
						DevelopmentTeam = 9RCEQ78UDF;
						ProvisioningStyle = Automatic;
						TestTargetID = 52C3F1081E61E8CF00378C87;
					};
					52C3F1271E61E8CF00378C87 = {
						CreatedOnToolsVersion = 8.2.1;
						DevelopmentTeam = 9RCEQ78UDF;
						ProvisioningStyle = Automatic;
						TestTargetID = 52C3F1081E61E8CF00378C87;
					};
				};
			};
			buildConfigurationList = 52C3F1041E61E8CF00378C87 /* Build configuration list for PBXProject "EJW-Social" */;
			compatibilityVersion = "Xcode 3.2";
			developmentRegion = English;
			hasScannedForEncodings = 0;
			knownRegions = (
				en,
				Base,
			);
			mainGroup = 52C3F1001E61E8CF00378C87;
			productRefGroup = 52C3F10A1E61E8CF00378C87 /* Products */;
			projectDirPath = "";
			projectRoot = "";
			targets = (
				52C3F1081E61E8CF00378C87 /* EJW-Social */,
				52C3F11C1E61E8CF00378C87 /* EJW-SocialTests */,
				52C3F1271E61E8CF00378C87 /* EJW-SocialUITests */,
			);
		};
/* End PBXProject section */

/* Begin PBXResourcesBuildPhase section */
		52C3F1071E61E8CF00378C87 /* Resources */ = {
			isa = PBXResourcesBuildPhase;
			buildActionMask = 2147483647;
			files = (
				52C3F1171E61E8CF00378C87 /* LaunchScreen.storyboard in Resources */,
				52C3F13B1E61E94D00378C87 /* GoogleService-Info.plist in Resources */,
				52C3F1141E61E8CF00378C87 /* Assets.xcassets in Resources */,
				52C3F1121E61E8CF00378C87 /* Main.storyboard in Resources */,
			);
			runOnlyForDeploymentPostprocessing = 0;
		};
		52C3F11B1E61E8CF00378C87 /* Resources */ = {
			isa = PBXResourcesBuildPhase;
			buildActionMask = 2147483647;
			files = (
			);
			runOnlyForDeploymentPostprocessing = 0;
		};
		52C3F1261E61E8CF00378C87 /* Resources */ = {
			isa = PBXResourcesBuildPhase;
			buildActionMask = 2147483647;
			files = (
			);
			runOnlyForDeploymentPostprocessing = 0;
		};
/* End PBXResourcesBuildPhase section */

/* Begin PBXShellScriptBuildPhase section */
		0079486F7F0306A6B0C19DC6 /* [CP] Embed Pods Frameworks */ = {
			isa = PBXShellScriptBuildPhase;
			buildActionMask = 2147483647;
			files = (
			);
			inputPaths = (
			);
			name = "[CP] Embed Pods Frameworks";
			outputPaths = (
			);
			runOnlyForDeploymentPostprocessing = 0;
			shellPath = /bin/sh;
			shellScript = "\"${SRCROOT}/Pods/Target Support Files/Pods-EJW-SocialTests/Pods-EJW-SocialTests-frameworks.sh\"\n";
			showEnvVarsInLog = 0;
		};
		26E3A2394316569BC7E9B79C /* [CP] Check Pods Manifest.lock */ = {
			isa = PBXShellScriptBuildPhase;
			buildActionMask = 2147483647;
			files = (
			);
			inputPaths = (
			);
			name = "[CP] Check Pods Manifest.lock";
			outputPaths = (
			);
			runOnlyForDeploymentPostprocessing = 0;
			shellPath = /bin/sh;
			shellScript = "diff \"${PODS_ROOT}/../Podfile.lock\" \"${PODS_ROOT}/Manifest.lock\" > /dev/null\nif [ $? != 0 ] ; then\n    # print error to STDERR\n    echo \"error: The sandbox is not in sync with the Podfile.lock. Run 'pod install' or update your CocoaPods installation.\" >&2\n    exit 1\nfi\n";
			showEnvVarsInLog = 0;
		};
		65A493260522CD7CE68B2EE8 /* [CP] Check Pods Manifest.lock */ = {
			isa = PBXShellScriptBuildPhase;
			buildActionMask = 2147483647;
			files = (
			);
			inputPaths = (
			);
			name = "[CP] Check Pods Manifest.lock";
			outputPaths = (
			);
			runOnlyForDeploymentPostprocessing = 0;
			shellPath = /bin/sh;
			shellScript = "diff \"${PODS_ROOT}/../Podfile.lock\" \"${PODS_ROOT}/Manifest.lock\" > /dev/null\nif [ $? != 0 ] ; then\n    # print error to STDERR\n    echo \"error: The sandbox is not in sync with the Podfile.lock. Run 'pod install' or update your CocoaPods installation.\" >&2\n    exit 1\nfi\n";
			showEnvVarsInLog = 0;
		};
		75F167E5AFC984E48697571E /* [CP] Check Pods Manifest.lock */ = {
			isa = PBXShellScriptBuildPhase;
			buildActionMask = 2147483647;
			files = (
			);
			inputPaths = (
			);
			name = "[CP] Check Pods Manifest.lock";
			outputPaths = (
			);
			runOnlyForDeploymentPostprocessing = 0;
			shellPath = /bin/sh;
			shellScript = "diff \"${PODS_ROOT}/../Podfile.lock\" \"${PODS_ROOT}/Manifest.lock\" > /dev/null\nif [ $? != 0 ] ; then\n    # print error to STDERR\n    echo \"error: The sandbox is not in sync with the Podfile.lock. Run 'pod install' or update your CocoaPods installation.\" >&2\n    exit 1\nfi\n";
			showEnvVarsInLog = 0;
		};
		9F50917D8E493A5AF229CDC3 /* [CP] Embed Pods Frameworks */ = {
			isa = PBXShellScriptBuildPhase;
			buildActionMask = 2147483647;
			files = (
			);
			inputPaths = (
			);
			name = "[CP] Embed Pods Frameworks";
			outputPaths = (
			);
			runOnlyForDeploymentPostprocessing = 0;
			shellPath = /bin/sh;
			shellScript = "\"${SRCROOT}/Pods/Target Support Files/Pods-EJW-SocialUITests/Pods-EJW-SocialUITests-frameworks.sh\"\n";
			showEnvVarsInLog = 0;
		};
		A1C4954197AF5D8679598B59 /* [CP] Embed Pods Frameworks */ = {
			isa = PBXShellScriptBuildPhase;
			buildActionMask = 2147483647;
			files = (
			);
			inputPaths = (
			);
			name = "[CP] Embed Pods Frameworks";
			outputPaths = (
			);
			runOnlyForDeploymentPostprocessing = 0;
			shellPath = /bin/sh;
			shellScript = "\"${SRCROOT}/Pods/Target Support Files/Pods-EJW-Social/Pods-EJW-Social-frameworks.sh\"\n";
			showEnvVarsInLog = 0;
		};
		BB85B19D6904DD784E6E5D22 /* [CP] Copy Pods Resources */ = {
			isa = PBXShellScriptBuildPhase;
			buildActionMask = 2147483647;
			files = (
			);
			inputPaths = (
			);
			name = "[CP] Copy Pods Resources";
			outputPaths = (
			);
			runOnlyForDeploymentPostprocessing = 0;
			shellPath = /bin/sh;
			shellScript = "\"${SRCROOT}/Pods/Target Support Files/Pods-EJW-SocialUITests/Pods-EJW-SocialUITests-resources.sh\"\n";
			showEnvVarsInLog = 0;
		};
		C642F275B4C6A884FB048F6A /* [CP] Copy Pods Resources */ = {
			isa = PBXShellScriptBuildPhase;
			buildActionMask = 2147483647;
			files = (
			);
			inputPaths = (
			);
			name = "[CP] Copy Pods Resources";
			outputPaths = (
			);
			runOnlyForDeploymentPostprocessing = 0;
			shellPath = /bin/sh;
			shellScript = "\"${SRCROOT}/Pods/Target Support Files/Pods-EJW-Social/Pods-EJW-Social-resources.sh\"\n";
			showEnvVarsInLog = 0;
		};
		D847C3EBFC926D7291B432E2 /* [CP] Copy Pods Resources */ = {
			isa = PBXShellScriptBuildPhase;
			buildActionMask = 2147483647;
			files = (
			);
			inputPaths = (
			);
			name = "[CP] Copy Pods Resources";
			outputPaths = (
			);
			runOnlyForDeploymentPostprocessing = 0;
			shellPath = /bin/sh;
			shellScript = "\"${SRCROOT}/Pods/Target Support Files/Pods-EJW-SocialTests/Pods-EJW-SocialTests-resources.sh\"\n";
			showEnvVarsInLog = 0;
		};
/* End PBXShellScriptBuildPhase section */

/* Begin PBXSourcesBuildPhase section */
		52C3F1051E61E8CF00378C87 /* Sources */ = {
			isa = PBXSourcesBuildPhase;
			buildActionMask = 2147483647;
			files = (
				52C3F1481E631D0600378C87 /* FancyField.swift in Sources */,
				52C3F10F1E61E8CF00378C87 /* SignInVC.swift in Sources */,
				52C3F1461E631A9100378C87 /* RoundButton.swift in Sources */,
				52C3F14A1E631E3600378C87 /* FancyButton.swift in Sources */,
				52C3F10D1E61E8CF00378C87 /* AppDelegate.swift in Sources */,
				52C3F1401E6317FF00378C87 /* FancyView.swift in Sources */,
				52C3F1441E6318A700378C87 /* Constants.swift in Sources */,
			);
			runOnlyForDeploymentPostprocessing = 0;
		};
		52C3F1191E61E8CF00378C87 /* Sources */ = {
			isa = PBXSourcesBuildPhase;
			buildActionMask = 2147483647;
			files = (
				52C3F1221E61E8CF00378C87 /* EJW_SocialTests.swift in Sources */,
			);
			runOnlyForDeploymentPostprocessing = 0;
		};
		52C3F1241E61E8CF00378C87 /* Sources */ = {
			isa = PBXSourcesBuildPhase;
			buildActionMask = 2147483647;
			files = (
				52C3F12D1E61E8CF00378C87 /* EJW_SocialUITests.swift in Sources */,
			);
			runOnlyForDeploymentPostprocessing = 0;
		};
/* End PBXSourcesBuildPhase section */

/* Begin PBXTargetDependency section */
		52C3F11F1E61E8CF00378C87 /* PBXTargetDependency */ = {
			isa = PBXTargetDependency;
			target = 52C3F1081E61E8CF00378C87 /* EJW-Social */;
			targetProxy = 52C3F11E1E61E8CF00378C87 /* PBXContainerItemProxy */;
		};
		52C3F12A1E61E8CF00378C87 /* PBXTargetDependency */ = {
			isa = PBXTargetDependency;
			target = 52C3F1081E61E8CF00378C87 /* EJW-Social */;
			targetProxy = 52C3F1291E61E8CF00378C87 /* PBXContainerItemProxy */;
		};
/* End PBXTargetDependency section */

/* Begin PBXVariantGroup section */
		52C3F1101E61E8CF00378C87 /* Main.storyboard */ = {
			isa = PBXVariantGroup;
			children = (
				52C3F1111E61E8CF00378C87 /* Base */,
			);
			name = Main.storyboard;
			sourceTree = "<group>";
		};
		52C3F1151E61E8CF00378C87 /* LaunchScreen.storyboard */ = {
			isa = PBXVariantGroup;
			children = (
				52C3F1161E61E8CF00378C87 /* Base */,
			);
			name = LaunchScreen.storyboard;
			sourceTree = "<group>";
		};
/* End PBXVariantGroup section */

/* Begin XCBuildConfiguration section */
		52C3F12F1E61E8CF00378C87 /* Debug */ = {
			isa = XCBuildConfiguration;
			buildSettings = {
				ALWAYS_SEARCH_USER_PATHS = NO;
				CLANG_ANALYZER_NONNULL = YES;
				CLANG_CXX_LANGUAGE_STANDARD = "gnu++0x";
				CLANG_CXX_LIBRARY = "libc++";
				CLANG_ENABLE_MODULES = YES;
				CLANG_ENABLE_OBJC_ARC = YES;
				CLANG_WARN_BOOL_CONVERSION = YES;
				CLANG_WARN_CONSTANT_CONVERSION = YES;
				CLANG_WARN_DIRECT_OBJC_ISA_USAGE = YES_ERROR;
				CLANG_WARN_DOCUMENTATION_COMMENTS = YES;
				CLANG_WARN_EMPTY_BODY = YES;
				CLANG_WARN_ENUM_CONVERSION = YES;
				CLANG_WARN_INFINITE_RECURSION = YES;
				CLANG_WARN_INT_CONVERSION = YES;
				CLANG_WARN_OBJC_ROOT_CLASS = YES_ERROR;
				CLANG_WARN_SUSPICIOUS_MOVE = YES;
				CLANG_WARN_UNREACHABLE_CODE = YES;
				CLANG_WARN__DUPLICATE_METHOD_MATCH = YES;
				"CODE_SIGN_IDENTITY[sdk=iphoneos*]" = "iPhone Developer";
				COPY_PHASE_STRIP = NO;
				DEBUG_INFORMATION_FORMAT = dwarf;
				ENABLE_STRICT_OBJC_MSGSEND = YES;
				ENABLE_TESTABILITY = YES;
				GCC_C_LANGUAGE_STANDARD = gnu99;
				GCC_DYNAMIC_NO_PIC = NO;
				GCC_NO_COMMON_BLOCKS = YES;
				GCC_OPTIMIZATION_LEVEL = 0;
				GCC_PREPROCESSOR_DEFINITIONS = (
					"DEBUG=1",
					"$(inherited)",
				);
				GCC_WARN_64_TO_32_BIT_CONVERSION = YES;
				GCC_WARN_ABOUT_RETURN_TYPE = YES_ERROR;
				GCC_WARN_UNDECLARED_SELECTOR = YES;
				GCC_WARN_UNINITIALIZED_AUTOS = YES_AGGRESSIVE;
				GCC_WARN_UNUSED_FUNCTION = YES;
				GCC_WARN_UNUSED_VARIABLE = YES;
				IPHONEOS_DEPLOYMENT_TARGET = 10.2;
				MTL_ENABLE_DEBUG_INFO = YES;
				ONLY_ACTIVE_ARCH = YES;
				SDKROOT = iphoneos;
				SWIFT_ACTIVE_COMPILATION_CONDITIONS = DEBUG;
				SWIFT_OPTIMIZATION_LEVEL = "-Onone";
				TARGETED_DEVICE_FAMILY = "1,2";
			};
			name = Debug;
		};
		52C3F1301E61E8CF00378C87 /* Release */ = {
			isa = XCBuildConfiguration;
			buildSettings = {
				ALWAYS_SEARCH_USER_PATHS = NO;
				CLANG_ANALYZER_NONNULL = YES;
				CLANG_CXX_LANGUAGE_STANDARD = "gnu++0x";
				CLANG_CXX_LIBRARY = "libc++";
				CLANG_ENABLE_MODULES = YES;
				CLANG_ENABLE_OBJC_ARC = YES;
				CLANG_WARN_BOOL_CONVERSION = YES;
				CLANG_WARN_CONSTANT_CONVERSION = YES;
				CLANG_WARN_DIRECT_OBJC_ISA_USAGE = YES_ERROR;
				CLANG_WARN_DOCUMENTATION_COMMENTS = YES;
				CLANG_WARN_EMPTY_BODY = YES;
				CLANG_WARN_ENUM_CONVERSION = YES;
				CLANG_WARN_INFINITE_RECURSION = YES;
				CLANG_WARN_INT_CONVERSION = YES;
				CLANG_WARN_OBJC_ROOT_CLASS = YES_ERROR;
				CLANG_WARN_SUSPICIOUS_MOVE = YES;
				CLANG_WARN_UNREACHABLE_CODE = YES;
				CLANG_WARN__DUPLICATE_METHOD_MATCH = YES;
				"CODE_SIGN_IDENTITY[sdk=iphoneos*]" = "iPhone Developer";
				COPY_PHASE_STRIP = NO;
				DEBUG_INFORMATION_FORMAT = "dwarf-with-dsym";
				ENABLE_NS_ASSERTIONS = NO;
				ENABLE_STRICT_OBJC_MSGSEND = YES;
				GCC_C_LANGUAGE_STANDARD = gnu99;
				GCC_NO_COMMON_BLOCKS = YES;
				GCC_WARN_64_TO_32_BIT_CONVERSION = YES;
				GCC_WARN_ABOUT_RETURN_TYPE = YES_ERROR;
				GCC_WARN_UNDECLARED_SELECTOR = YES;
				GCC_WARN_UNINITIALIZED_AUTOS = YES_AGGRESSIVE;
				GCC_WARN_UNUSED_FUNCTION = YES;
				GCC_WARN_UNUSED_VARIABLE = YES;
				IPHONEOS_DEPLOYMENT_TARGET = 10.2;
				MTL_ENABLE_DEBUG_INFO = NO;
				SDKROOT = iphoneos;
				SWIFT_OPTIMIZATION_LEVEL = "-Owholemodule";
				TARGETED_DEVICE_FAMILY = "1,2";
				VALIDATE_PRODUCT = YES;
			};
			name = Release;
		};
		52C3F1321E61E8CF00378C87 /* Debug */ = {
			isa = XCBuildConfiguration;
			baseConfigurationReference = B333ADF07DEC104648B50F10 /* Pods-EJW-Social.debug.xcconfig */;
			buildSettings = {
				ASSETCATALOG_COMPILER_APPICON_NAME = AppIcon;
				DEVELOPMENT_TEAM = 9RCEQ78UDF;
				INFOPLIST_FILE = "EJW-Social/Info.plist";
				LD_RUNPATH_SEARCH_PATHS = "$(inherited) @executable_path/Frameworks";
				PRODUCT_BUNDLE_IDENTIFIER = "EJW.EJW-Social";
				PRODUCT_NAME = "$(TARGET_NAME)";
				SWIFT_VERSION = 3.0;
			};
			name = Debug;
		};
		52C3F1331E61E8CF00378C87 /* Release */ = {
			isa = XCBuildConfiguration;
			baseConfigurationReference = 75648A15043E2BB9D6F7C2F1 /* Pods-EJW-Social.release.xcconfig */;
			buildSettings = {
				ASSETCATALOG_COMPILER_APPICON_NAME = AppIcon;
				DEVELOPMENT_TEAM = 9RCEQ78UDF;
				INFOPLIST_FILE = "EJW-Social/Info.plist";
				LD_RUNPATH_SEARCH_PATHS = "$(inherited) @executable_path/Frameworks";
				PRODUCT_BUNDLE_IDENTIFIER = "EJW.EJW-Social";
				PRODUCT_NAME = "$(TARGET_NAME)";
				SWIFT_VERSION = 3.0;
			};
			name = Release;
		};
		52C3F1351E61E8CF00378C87 /* Debug */ = {
			isa = XCBuildConfiguration;
			baseConfigurationReference = 8A5384C61450FE48632017EA /* Pods-EJW-SocialTests.debug.xcconfig */;
			buildSettings = {
				ALWAYS_EMBED_SWIFT_STANDARD_LIBRARIES = YES;
				BUNDLE_LOADER = "$(TEST_HOST)";
				DEVELOPMENT_TEAM = 9RCEQ78UDF;
				INFOPLIST_FILE = "EJW-SocialTests/Info.plist";
				LD_RUNPATH_SEARCH_PATHS = "$(inherited) @executable_path/Frameworks @loader_path/Frameworks";
				PRODUCT_BUNDLE_IDENTIFIER = "EJW.EJW-SocialTests";
				PRODUCT_NAME = "$(TARGET_NAME)";
				SWIFT_VERSION = 3.0;
				TEST_HOST = "$(BUILT_PRODUCTS_DIR)/EJW-Social.app/EJW-Social";
			};
			name = Debug;
		};
		52C3F1361E61E8CF00378C87 /* Release */ = {
			isa = XCBuildConfiguration;
			baseConfigurationReference = 23B35116FAD6FB4DA6642710 /* Pods-EJW-SocialTests.release.xcconfig */;
			buildSettings = {
				ALWAYS_EMBED_SWIFT_STANDARD_LIBRARIES = YES;
				BUNDLE_LOADER = "$(TEST_HOST)";
				DEVELOPMENT_TEAM = 9RCEQ78UDF;
				INFOPLIST_FILE = "EJW-SocialTests/Info.plist";
				LD_RUNPATH_SEARCH_PATHS = "$(inherited) @executable_path/Frameworks @loader_path/Frameworks";
				PRODUCT_BUNDLE_IDENTIFIER = "EJW.EJW-SocialTests";
				PRODUCT_NAME = "$(TARGET_NAME)";
				SWIFT_VERSION = 3.0;
				TEST_HOST = "$(BUILT_PRODUCTS_DIR)/EJW-Social.app/EJW-Social";
			};
			name = Release;
		};
		52C3F1381E61E8CF00378C87 /* Debug */ = {
			isa = XCBuildConfiguration;
			baseConfigurationReference = E05022B670BAEFC291A8CED8 /* Pods-EJW-SocialUITests.debug.xcconfig */;
			buildSettings = {
				ALWAYS_EMBED_SWIFT_STANDARD_LIBRARIES = YES;
				DEVELOPMENT_TEAM = 9RCEQ78UDF;
				INFOPLIST_FILE = "EJW-SocialUITests/Info.plist";
				LD_RUNPATH_SEARCH_PATHS = "$(inherited) @executable_path/Frameworks @loader_path/Frameworks";
				PRODUCT_BUNDLE_IDENTIFIER = "EJW.EJW-SocialUITests";
				PRODUCT_NAME = "$(TARGET_NAME)";
				SWIFT_VERSION = 3.0;
				TEST_TARGET_NAME = "EJW-Social";
			};
			name = Debug;
		};
		52C3F1391E61E8CF00378C87 /* Release */ = {
			isa = XCBuildConfiguration;
			baseConfigurationReference = 6ED2542729C2EF6410920BD4 /* Pods-EJW-SocialUITests.release.xcconfig */;
			buildSettings = {
				ALWAYS_EMBED_SWIFT_STANDARD_LIBRARIES = YES;
				DEVELOPMENT_TEAM = 9RCEQ78UDF;
				INFOPLIST_FILE = "EJW-SocialUITests/Info.plist";
				LD_RUNPATH_SEARCH_PATHS = "$(inherited) @executable_path/Frameworks @loader_path/Frameworks";
				PRODUCT_BUNDLE_IDENTIFIER = "EJW.EJW-SocialUITests";
				PRODUCT_NAME = "$(TARGET_NAME)";
				SWIFT_VERSION = 3.0;
				TEST_TARGET_NAME = "EJW-Social";
			};
			name = Release;
		};
/* End XCBuildConfiguration section */

/* Begin XCConfigurationList section */
		52C3F1041E61E8CF00378C87 /* Build configuration list for PBXProject "EJW-Social" */ = {
			isa = XCConfigurationList;
			buildConfigurations = (
				52C3F12F1E61E8CF00378C87 /* Debug */,
				52C3F1301E61E8CF00378C87 /* Release */,
			);
			defaultConfigurationIsVisible = 0;
			defaultConfigurationName = Release;
		};
		52C3F1311E61E8CF00378C87 /* Build configuration list for PBXNativeTarget "EJW-Social" */ = {
			isa = XCConfigurationList;
			buildConfigurations = (
				52C3F1321E61E8CF00378C87 /* Debug */,
				52C3F1331E61E8CF00378C87 /* Release */,
			);
			defaultConfigurationIsVisible = 0;
			defaultConfigurationName = Release;
		};
		52C3F1341E61E8CF00378C87 /* Build configuration list for PBXNativeTarget "EJW-SocialTests" */ = {
			isa = XCConfigurationList;
			buildConfigurations = (
				52C3F1351E61E8CF00378C87 /* Debug */,
				52C3F1361E61E8CF00378C87 /* Release */,
			);
			defaultConfigurationIsVisible = 0;
			defaultConfigurationName = Release;
		};
		52C3F1371E61E8CF00378C87 /* Build configuration list for PBXNativeTarget "EJW-SocialUITests" */ = {
			isa = XCConfigurationList;
			buildConfigurations = (
				52C3F1381E61E8CF00378C87 /* Debug */,
				52C3F1391E61E8CF00378C87 /* Release */,
			);
			defaultConfigurationIsVisible = 0;
			defaultConfigurationName = Release;
		};
/* End XCConfigurationList section */
	};
	rootObject = 52C3F1011E61E8CF00378C87 /* Project object */;
}
